
Microsoft Visual Studio Solution File, Format Version 12.00
# Visual Studio Version 16
VisualStudioVersion = 16.0.30804.86
MinimumVisualStudioVersion = 10.0.40219.1
Project("{FAE04EC0-301F-11D3-BF4B-00C04F79EFBC}") = "WowArenaTracker", "WowArenaTracker.csproj", "{FA927C57-DFFD-4A46-BED2-3C6DD09C5903}"
EndProject
Global
	GlobalSection(SolutionConfigurationPlatforms) = preSolution
		Debug|Any CPU = Debug|Any CPU
		Release|Any CPU = Release|Any CPU
	EndGlobalSection
	GlobalSection(ProjectConfigurationPlatforms) = postSolution
		{FA927C57-DFFD-4A46-BED2-3C6DD09C5903}.Debug|Any CPU.ActiveCfg = Debug|Any CPU
		{FA927C57-DFFD-4A46-BED2-3C6DD09C5903}.Debug|Any CPU.Build.0 = Debug|Any CPU
		{FA927C57-DFFD-4A46-BED2-3C6DD09C5903}.Release|Any CPU.ActiveCfg = Release|Any CPU
		{FA927C57-DFFD-4A46-BED2-3C6DD09C5903}.Release|Any CPU.Build.0 = Release|Any CPU
	EndGlobalSection
	GlobalSection(SolutionProperties) = preSolution
		HideSolutionNode = FALSE
	EndGlobalSection
	GlobalSection(ExtensibilityGlobals) = postSolution
		SolutionGuid = {16B57BF1-F8F9-4BBA-B233-0ABC87DF9854}
	EndGlobalSection
EndGlobal
